
Microsoft Visual Studio Solution File, Format Version 12.00
# Visual Studio Version 17
VisualStudioVersion = 17.7.34031.279
MinimumVisualStudioVersion = 10.0.40219.1
Project("{FAE04EC0-301F-11D3-BF4B-00C04F79EFBC}") = "Calculator", "Calculator\Calculator.csproj", "{0166AFFE-A459-4D86-BCD2-714E398A5375}"
EndProject
Global
	GlobalSection(SolutionConfigurationPlatforms) = preSolution
		Debug|Any CPU = Debug|Any CPU
		Release|Any CPU = Release|Any CPU
	EndGlobalSection
	GlobalSection(ProjectConfigurationPlatforms) = postSolution
		{0166AFFE-A459-4D86-BCD2-714E398A5375}.Debug|Any CPU.ActiveCfg = Debug|Any CPU
		{0166AFFE-A459-4D86-BCD2-714E398A5375}.Debug|Any CPU.Build.0 = Debug|Any CPU
		{0166AFFE-A459-4D86-BCD2-714E398A5375}.Release|Any CPU.ActiveCfg = Release|Any CPU
		{0166AFFE-A459-4D86-BCD2-714E398A5375}.Release|Any CPU.Build.0 = Release|Any CPU
	EndGlobalSection
	GlobalSection(SolutionProperties) = preSolution
		HideSolutionNode = FALSE
	EndGlobalSection
	GlobalSection(ExtensibilityGlobals) = postSolution
		SolutionGuid = {67531E4F-454D-4EF1-BFD9-93904E8A3DBE}
	EndGlobalSection
EndGlobal
